
Microsoft Visual Studio Solution File, Format Version 12.00
# Visual Studio Version 17
VisualStudioVersion = 17.0.31903.59
MinimumVisualStudioVersion = 10.0.40219.1
Project("{2150E333-8FDC-42A3-9474-1A3956D46DE8}") = "Services", "Services", "{760C65C2-E3A0-4E84-AEC2-FA5BBF017953}"
EndProject
Project("{2150E333-8FDC-42A3-9474-1A3956D46DE8}") = "ApiGateways", "ApiGateways", "{C27EC66B-63F0-42FF-9557-7CE38E1D8833}"
EndProject
Project("{2150E333-8FDC-42A3-9474-1A3956D46DE8}") = "Account", "Account", "{B35D4785-8661-4A11-B105-53E9AC804EF3}"
EndProject
Project("{2150E333-8FDC-42A3-9474-1A3956D46DE8}") = "Ordering", "Ordering", "{F0578A24-E5B8-44BF-9DFD-9240F49BAF8B}"
EndProject
Project("{2150E333-8FDC-42A3-9474-1A3956D46DE8}") = "Catalog", "Catalog", "{6771A2E4-9DE3-4B2C-82AA-8885421D5086}"
EndProject
Project("{9A19103F-16F7-4668-BE54-9A1E7A4F7556}") = "Ordering.Domain", "Services\Ordering\Ordering.Domain\Ordering.Domain.csproj", "{750B093F-3C78-4D4C-9BCD-5ACBC5C8AC91}"
EndProject
Project("{2150E333-8FDC-42A3-9474-1A3956D46DE8}") = "Solution Items", "Solution Items", "{D1BE17EB-202D-46B8-B43E-D5B0DBF4EF58}"
	ProjectSection(SolutionItems) = preProject
		.editorconfig = .editorconfig
	EndProjectSection
EndProject
Project("{9A19103F-16F7-4668-BE54-9A1E7A4F7556}") = "Ordering.Infrastructure", "Services\Ordering\Ordering.Infrastructure\Ordering.Infrastructure.csproj", "{C98C80FA-8F4E-460C-88A2-C6A1F5AEF0C4}"
EndProject
Project("{9A19103F-16F7-4668-BE54-9A1E7A4F7556}") = "Ordering.Application", "Services\Ordering\Ordering.Application\Ordering.Application.csproj", "{42AF0780-1815-4F25-A67F-BD0ED268D7D7}"
EndProject
Project("{9A19103F-16F7-4668-BE54-9A1E7A4F7556}") = "Ordering.API", "Services\Ordering\Ordering.API\Ordering.API.csproj", "{2249B2AB-97B2-4679-B60F-A8C5E7068B44}"
EndProject
Project("{2150E333-8FDC-42A3-9474-1A3956D46DE8}") = "Checkout", "Checkout", "{88BBEF46-02DC-439B-933C-217565B3C421}"
EndProject
Project("{9A19103F-16F7-4668-BE54-9A1E7A4F7556}") = "Checkout.API", "Services\Checkout\Checkout.API\Checkout.API.csproj", "{B3209E9D-AF37-441A-AD12-69C3A7A39C40}"
EndProject
Project("{9A19103F-16F7-4668-BE54-9A1E7A4F7556}") = "Catalog.API", "Services\Catalog\Catalog.API\Catalog.API.csproj", "{595B0549-9DD5-4076-8B9D-F7DFC4687E01}"
EndProject
Project("{9A19103F-16F7-4668-BE54-9A1E7A4F7556}") = "Catalog.Domain", "Services\Catalog\Catalog.Domain\Catalog.Domain.csproj", "{188807A5-9F47-4D11-BB09-FECB9C9A1960}"
EndProject
Project("{9A19103F-16F7-4668-BE54-9A1E7A4F7556}") = "Catalog.Infrastructure", "Services\Catalog\Catalog.Infrastructure\Catalog.Infrastructure.csproj", "{67022A99-1BDD-4F62-A1DB-34DCF64CA226}"
EndProject
Project("{9A19103F-16F7-4668-BE54-9A1E7A4F7556}") = "Catalog.Grpc", "Services\Catalog\Catalog.Grpc\Catalog.Grpc.csproj", "{25AD4053-9D99-4B50-86C6-F91101E821BB}"
EndProject
Project("{E53339B2-1760-4266-BCC7-CA923CBCF16C}") = "docker-compose", "docker-compose.dcproj", "{9E6A54B0-2C8D-4678-BF27-CE4A64B0D327}"
EndProject
Project("{2150E333-8FDC-42A3-9474-1A3956D46DE8}") = "BuildingBlocks", "BuildingBlocks", "{177EDC66-4A9E-4A98-95FB-3C16EDD5EF22}"
EndProject
Project("{FAE04EC0-301F-11D3-BF4B-00C04F79EFBC}") = "EventBus.Messages", "BuildingBlocks\EventBus.Messages\EventBus.Messages.csproj", "{D029F1D5-237F-42F8-A5CE-4B6BBB5D8D1B}"
EndProject
Global
	GlobalSection(SolutionConfigurationPlatforms) = preSolution
		Debug|Any CPU = Debug|Any CPU
		Release|Any CPU = Release|Any CPU
	EndGlobalSection
	GlobalSection(ProjectConfigurationPlatforms) = postSolution
		{750B093F-3C78-4D4C-9BCD-5ACBC5C8AC91}.Debug|Any CPU.ActiveCfg = Debug|Any CPU
		{750B093F-3C78-4D4C-9BCD-5ACBC5C8AC91}.Debug|Any CPU.Build.0 = Debug|Any CPU
		{750B093F-3C78-4D4C-9BCD-5ACBC5C8AC91}.Release|Any CPU.ActiveCfg = Release|Any CPU
		{750B093F-3C78-4D4C-9BCD-5ACBC5C8AC91}.Release|Any CPU.Build.0 = Release|Any CPU
		{C98C80FA-8F4E-460C-88A2-C6A1F5AEF0C4}.Debug|Any CPU.ActiveCfg = Debug|Any CPU
		{C98C80FA-8F4E-460C-88A2-C6A1F5AEF0C4}.Debug|Any CPU.Build.0 = Debug|Any CPU
		{C98C80FA-8F4E-460C-88A2-C6A1F5AEF0C4}.Release|Any CPU.ActiveCfg = Release|Any CPU
		{C98C80FA-8F4E-460C-88A2-C6A1F5AEF0C4}.Release|Any CPU.Build.0 = Release|Any CPU
		{42AF0780-1815-4F25-A67F-BD0ED268D7D7}.Debug|Any CPU.ActiveCfg = Debug|Any CPU
		{42AF0780-1815-4F25-A67F-BD0ED268D7D7}.Debug|Any CPU.Build.0 = Debug|Any CPU
		{42AF0780-1815-4F25-A67F-BD0ED268D7D7}.Release|Any CPU.ActiveCfg = Release|Any CPU
		{42AF0780-1815-4F25-A67F-BD0ED268D7D7}.Release|Any CPU.Build.0 = Release|Any CPU
		{2249B2AB-97B2-4679-B60F-A8C5E7068B44}.Debug|Any CPU.ActiveCfg = Debug|Any CPU
		{2249B2AB-97B2-4679-B60F-A8C5E7068B44}.Debug|Any CPU.Build.0 = Debug|Any CPU
		{2249B2AB-97B2-4679-B60F-A8C5E7068B44}.Release|Any CPU.ActiveCfg = Release|Any CPU
		{2249B2AB-97B2-4679-B60F-A8C5E7068B44}.Release|Any CPU.Build.0 = Release|Any CPU
		{B3209E9D-AF37-441A-AD12-69C3A7A39C40}.Debug|Any CPU.ActiveCfg = Debug|Any CPU
		{B3209E9D-AF37-441A-AD12-69C3A7A39C40}.Debug|Any CPU.Build.0 = Debug|Any CPU
		{B3209E9D-AF37-441A-AD12-69C3A7A39C40}.Release|Any CPU.ActiveCfg = Release|Any CPU
		{B3209E9D-AF37-441A-AD12-69C3A7A39C40}.Release|Any CPU.Build.0 = Release|Any CPU
		{595B0549-9DD5-4076-8B9D-F7DFC4687E01}.Debug|Any CPU.ActiveCfg = Debug|Any CPU
		{595B0549-9DD5-4076-8B9D-F7DFC4687E01}.Debug|Any CPU.Build.0 = Debug|Any CPU
		{595B0549-9DD5-4076-8B9D-F7DFC4687E01}.Release|Any CPU.ActiveCfg = Release|Any CPU
		{595B0549-9DD5-4076-8B9D-F7DFC4687E01}.Release|Any CPU.Build.0 = Release|Any CPU
		{188807A5-9F47-4D11-BB09-FECB9C9A1960}.Debug|Any CPU.ActiveCfg = Debug|Any CPU
		{188807A5-9F47-4D11-BB09-FECB9C9A1960}.Debug|Any CPU.Build.0 = Debug|Any CPU
		{188807A5-9F47-4D11-BB09-FECB9C9A1960}.Release|Any CPU.ActiveCfg = Release|Any CPU
		{188807A5-9F47-4D11-BB09-FECB9C9A1960}.Release|Any CPU.Build.0 = Release|Any CPU
		{67022A99-1BDD-4F62-A1DB-34DCF64CA226}.Debug|Any CPU.ActiveCfg = Debug|Any CPU
		{67022A99-1BDD-4F62-A1DB-34DCF64CA226}.Debug|Any CPU.Build.0 = Debug|Any CPU
		{67022A99-1BDD-4F62-A1DB-34DCF64CA226}.Release|Any CPU.ActiveCfg = Release|Any CPU
		{67022A99-1BDD-4F62-A1DB-34DCF64CA226}.Release|Any CPU.Build.0 = Release|Any CPU
		{25AD4053-9D99-4B50-86C6-F91101E821BB}.Debug|Any CPU.ActiveCfg = Debug|Any CPU
		{25AD4053-9D99-4B50-86C6-F91101E821BB}.Debug|Any CPU.Build.0 = Debug|Any CPU
		{25AD4053-9D99-4B50-86C6-F91101E821BB}.Release|Any CPU.ActiveCfg = Release|Any CPU
		{25AD4053-9D99-4B50-86C6-F91101E821BB}.Release|Any CPU.Build.0 = Release|Any CPU
		{9E6A54B0-2C8D-4678-BF27-CE4A64B0D327}.Debug|Any CPU.ActiveCfg = Debug|Any CPU
		{9E6A54B0-2C8D-4678-BF27-CE4A64B0D327}.Debug|Any CPU.Build.0 = Debug|Any CPU
		{9E6A54B0-2C8D-4678-BF27-CE4A64B0D327}.Release|Any CPU.ActiveCfg = Release|Any CPU
		{9E6A54B0-2C8D-4678-BF27-CE4A64B0D327}.Release|Any CPU.Build.0 = Release|Any CPU
		{D029F1D5-237F-42F8-A5CE-4B6BBB5D8D1B}.Debug|Any CPU.ActiveCfg = Debug|Any CPU
		{D029F1D5-237F-42F8-A5CE-4B6BBB5D8D1B}.Debug|Any CPU.Build.0 = Debug|Any CPU
		{D029F1D5-237F-42F8-A5CE-4B6BBB5D8D1B}.Release|Any CPU.ActiveCfg = Release|Any CPU
		{D029F1D5-237F-42F8-A5CE-4B6BBB5D8D1B}.Release|Any CPU.Build.0 = Release|Any CPU
	EndGlobalSection
	GlobalSection(SolutionProperties) = preSolution
		HideSolutionNode = FALSE
	EndGlobalSection
	GlobalSection(NestedProjects) = preSolution
		{B35D4785-8661-4A11-B105-53E9AC804EF3} = {760C65C2-E3A0-4E84-AEC2-FA5BBF017953}
		{F0578A24-E5B8-44BF-9DFD-9240F49BAF8B} = {760C65C2-E3A0-4E84-AEC2-FA5BBF017953}
		{6771A2E4-9DE3-4B2C-82AA-8885421D5086} = {760C65C2-E3A0-4E84-AEC2-FA5BBF017953}
		{750B093F-3C78-4D4C-9BCD-5ACBC5C8AC91} = {F0578A24-E5B8-44BF-9DFD-9240F49BAF8B}
		{C98C80FA-8F4E-460C-88A2-C6A1F5AEF0C4} = {F0578A24-E5B8-44BF-9DFD-9240F49BAF8B}
		{42AF0780-1815-4F25-A67F-BD0ED268D7D7} = {F0578A24-E5B8-44BF-9DFD-9240F49BAF8B}
		{2249B2AB-97B2-4679-B60F-A8C5E7068B44} = {F0578A24-E5B8-44BF-9DFD-9240F49BAF8B}
		{88BBEF46-02DC-439B-933C-217565B3C421} = {760C65C2-E3A0-4E84-AEC2-FA5BBF017953}
		{B3209E9D-AF37-441A-AD12-69C3A7A39C40} = {88BBEF46-02DC-439B-933C-217565B3C421}
		{595B0549-9DD5-4076-8B9D-F7DFC4687E01} = {6771A2E4-9DE3-4B2C-82AA-8885421D5086}
		{188807A5-9F47-4D11-BB09-FECB9C9A1960} = {6771A2E4-9DE3-4B2C-82AA-8885421D5086}
		{67022A99-1BDD-4F62-A1DB-34DCF64CA226} = {6771A2E4-9DE3-4B2C-82AA-8885421D5086}
		{25AD4053-9D99-4B50-86C6-F91101E821BB} = {6771A2E4-9DE3-4B2C-82AA-8885421D5086}
		{D029F1D5-237F-42F8-A5CE-4B6BBB5D8D1B} = {177EDC66-4A9E-4A98-95FB-3C16EDD5EF22}
	EndGlobalSection
	GlobalSection(ExtensibilityGlobals) = postSolution
		SolutionGuid = {88FFFC32-4AC5-49E1-B00B-EC5AA024BE5E}
	EndGlobalSection
EndGlobal
