
Microsoft Visual Studio Solution File, Format Version 12.00
# Visual Studio Version 17
VisualStudioVersion = 17.0.31903.59
MinimumVisualStudioVersion = 10.0.40219.1
Project("{2150E333-8FDC-42A3-9474-1A3956D46DE8}") = "Services", "Services", "{760C65C2-E3A0-4E84-AEC2-FA5BBF017953}"
EndProject
Project("{2150E333-8FDC-42A3-9474-1A3956D46DE8}") = "ApiGateways", "ApiGateways", "{C27EC66B-63F0-42FF-9557-7CE38E1D8833}"
EndProject
Project("{2150E333-8FDC-42A3-9474-1A3956D46DE8}") = "Customers", "Customers", "{B35D4785-8661-4A11-B105-53E9AC804EF3}"
EndProject
Project("{FAE04EC0-301F-11D3-BF4B-00C04F79EFBC}") = "Customers.API", "Services\Customers\Customers.API\Customers.API.csproj", "{6223B770-601D-4029-94AD-6CE79FB78423}"
EndProject
Global
	GlobalSection(SolutionConfigurationPlatforms) = preSolution
		Debug|Any CPU = Debug|Any CPU
		Release|Any CPU = Release|Any CPU
	EndGlobalSection
	GlobalSection(ProjectConfigurationPlatforms) = postSolution
		{6223B770-601D-4029-94AD-6CE79FB78423}.Debug|Any CPU.ActiveCfg = Debug|Any CPU
		{6223B770-601D-4029-94AD-6CE79FB78423}.Debug|Any CPU.Build.0 = Debug|Any CPU
		{6223B770-601D-4029-94AD-6CE79FB78423}.Release|Any CPU.ActiveCfg = Release|Any CPU
		{6223B770-601D-4029-94AD-6CE79FB78423}.Release|Any CPU.Build.0 = Release|Any CPU
	EndGlobalSection
	GlobalSection(SolutionProperties) = preSolution
		HideSolutionNode = FALSE
	EndGlobalSection
	GlobalSection(NestedProjects) = preSolution
		{B35D4785-8661-4A11-B105-53E9AC804EF3} = {760C65C2-E3A0-4E84-AEC2-FA5BBF017953}
		{6223B770-601D-4029-94AD-6CE79FB78423} = {B35D4785-8661-4A11-B105-53E9AC804EF3}
	EndGlobalSection
	GlobalSection(ExtensibilityGlobals) = postSolution
		SolutionGuid = {88FFFC32-4AC5-49E1-B00B-EC5AA024BE5E}
	EndGlobalSection
EndGlobal
